
Microsoft Visual Studio Solution File, Format Version 12.00
# Visual Studio 15
VisualStudioVersion = 15.0.28307.757
MinimumVisualStudioVersion = 10.0.40219.1
Project("{FAE04EC0-301F-11D3-BF4B-00C04F79EFBC}") = "MSAlignmentWpfApp", "MSAlignmentWpfApp\MSAlignmentWpfApp.csproj", "{050A6592-20F9-4376-A704-E89945311410}"
EndProject
Project("{9A19103F-16F7-4668-BE54-9A1E7A4F7556}") = "MSAlignmentClassLibrary", "MSAlignmentClassLibrary\MSAlignmentClassLibrary.csproj", "{6B805C60-FC54-4D90-A88B-141947E3BE54}"
EndProject
Project("{FAE04EC0-301F-11D3-BF4B-00C04F79EFBC}") = "MSAlignmentConsoleApp", "MSAlignmentConsoleApp\MSAlignmentConsoleApp.csproj", "{EFC88969-5348-48F9-9CA3-56A21779E91E}"
EndProject
Project("{FAE04EC0-301F-11D3-BF4B-00C04F79EFBC}") = "MSAlignmentUnitTest", "MSAlignmentUnitTest\MSAlignmentUnitTest.csproj", "{96E5489C-0EE3-4D8B-9548-80F9C66D00FB}"
EndProject
Global
	GlobalSection(SolutionConfigurationPlatforms) = preSolution
		Debug|Any CPU = Debug|Any CPU
		Release|Any CPU = Release|Any CPU
	EndGlobalSection
	GlobalSection(ProjectConfigurationPlatforms) = postSolution
		{050A6592-20F9-4376-A704-E89945311410}.Debug|Any CPU.ActiveCfg = Debug|Any CPU
		{050A6592-20F9-4376-A704-E89945311410}.Debug|Any CPU.Build.0 = Debug|Any CPU
		{050A6592-20F9-4376-A704-E89945311410}.Release|Any CPU.ActiveCfg = Release|Any CPU
		{050A6592-20F9-4376-A704-E89945311410}.Release|Any CPU.Build.0 = Release|Any CPU
		{6B805C60-FC54-4D90-A88B-141947E3BE54}.Debug|Any CPU.ActiveCfg = Debug|Any CPU
		{6B805C60-FC54-4D90-A88B-141947E3BE54}.Debug|Any CPU.Build.0 = Debug|Any CPU
		{6B805C60-FC54-4D90-A88B-141947E3BE54}.Release|Any CPU.ActiveCfg = Release|Any CPU
		{6B805C60-FC54-4D90-A88B-141947E3BE54}.Release|Any CPU.Build.0 = Release|Any CPU
		{EFC88969-5348-48F9-9CA3-56A21779E91E}.Debug|Any CPU.ActiveCfg = Debug|Any CPU
		{EFC88969-5348-48F9-9CA3-56A21779E91E}.Debug|Any CPU.Build.0 = Debug|Any CPU
		{EFC88969-5348-48F9-9CA3-56A21779E91E}.Release|Any CPU.ActiveCfg = Release|Any CPU
		{EFC88969-5348-48F9-9CA3-56A21779E91E}.Release|Any CPU.Build.0 = Release|Any CPU
		{96E5489C-0EE3-4D8B-9548-80F9C66D00FB}.Debug|Any CPU.ActiveCfg = Debug|Any CPU
		{96E5489C-0EE3-4D8B-9548-80F9C66D00FB}.Debug|Any CPU.Build.0 = Debug|Any CPU
		{96E5489C-0EE3-4D8B-9548-80F9C66D00FB}.Release|Any CPU.ActiveCfg = Release|Any CPU
		{96E5489C-0EE3-4D8B-9548-80F9C66D00FB}.Release|Any CPU.Build.0 = Release|Any CPU
	EndGlobalSection
	GlobalSection(SolutionProperties) = preSolution
		HideSolutionNode = FALSE
	EndGlobalSection
	GlobalSection(ExtensibilityGlobals) = postSolution
		SolutionGuid = {1067552C-7B62-4681-8C50-6E40E6AAE1FE}
	EndGlobalSection
EndGlobal
